
Microsoft Visual Studio Solution File, Format Version 12.00
# Visual Studio Version 17
VisualStudioVersion = 17.4.33122.133
MinimumVisualStudioVersion = 10.0.40219.1
Project("{FAE04EC0-301F-11D3-BF4B-00C04F79EFBC}") = "ToDoAPI", "ToDoAPI\ToDoAPI.csproj", "{FF88B9B8-CE27-4516-90AF-342A9DBFDA21}"
EndProject
Global
	GlobalSection(SolutionConfigurationPlatforms) = preSolution
		Debug|Any CPU = Debug|Any CPU
		Release|Any CPU = Release|Any CPU
	EndGlobalSection
	GlobalSection(ProjectConfigurationPlatforms) = postSolution
		{FF88B9B8-CE27-4516-90AF-342A9DBFDA21}.Debug|Any CPU.ActiveCfg = Debug|Any CPU
		{FF88B9B8-CE27-4516-90AF-342A9DBFDA21}.Debug|Any CPU.Build.0 = Debug|Any CPU
		{FF88B9B8-CE27-4516-90AF-342A9DBFDA21}.Release|Any CPU.ActiveCfg = Release|Any CPU
		{FF88B9B8-CE27-4516-90AF-342A9DBFDA21}.Release|Any CPU.Build.0 = Release|Any CPU
	EndGlobalSection
	GlobalSection(SolutionProperties) = preSolution
		HideSolutionNode = FALSE
	EndGlobalSection
	GlobalSection(ExtensibilityGlobals) = postSolution
		SolutionGuid = {C7D6D649-25DD-4FBA-AFB3-F0EED8A9765A}
	EndGlobalSection
EndGlobal
